{
  "name": "sails-hook-payu",
  "version": "1.0.0",
  "lockfileVersion": 1,
  "requires": true,
  "dependencies": {
    "emittery": {
      "version": "0.7.2",
      "resolved": "https://registry.npmjs.org/emittery/-/emittery-0.7.2.tgz",
      "integrity": "sha512-A8OG5SR/ij3SsJdWDJdkkSYUjQdCUx6APQXem0SaEePBSRg4eymGYwBkKo1Y6DU+af/Jn2dBQqDBvjnr9Vi8nQ=="
    },
    "nodejs-payu-sdk": {
      "version": "1.0.0",
      "resolved": "https://registry.npmjs.org/nodejs-payu-sdk/-/nodejs-payu-sdk-1.0.0.tgz",
      "integrity": "sha512-c5oGbgrUwLYRcJInYZKKgiy8eTANbfM5Mofsp6l8ZgO5niWxDT9BRTLpvqbcRqI4hjJ9wgX24QEz2QLh+Pry8A=="
    },
    "sails-hook-custom-events": {
      "version": "1.0.1",
      "resolved": "https://registry.npmjs.org/sails-hook-custom-events/-/sails-hook-custom-events-1.0.1.tgz",
      "integrity": "sha512-ufzl9vWaEoyw45J0vLzFzxT6ghClPVQ2pra7LTPtFZ2CwMxj1BL5OQ9hv3eeBudoC4iNIbbCti216VEghCFvkw==",
      "requires": {
        "emittery": "^0.7.2"
      }
    }
  }
}
